Microsoft Visual Studio Solution File, Format Version 12.00
# Visual Studio Version 17
VisualStudioVersion = 17.5.2.0
MinimumVisualStudioVersion = 10.0.40219.1
Project("{2150E333-8FDC-42A3-9474-1A3956D46DE8}") = "Exp_08", "Exp_08", "{93E4DB56-4106-47CF-AF9B-A01FEF6929A4}"
EndProject
Project("{FAE04EC0-301F-11D3-BF4B-00C04F79EFBC}") = "student-crud", "Exp_08\student-crud\student-crud.csproj", "{500B4BA0-0BC0-5F2F-0ADB-D9DED4AAA7BB}"
EndProject
Global
	GlobalSection(SolutionConfigurationPlatforms) = preSolution
		Debug|Any CPU = Debug|Any CPU
		Release|Any CPU = Release|Any CPU
	EndGlobalSection
	GlobalSection(ProjectConfigurationPlatforms) = postSolution
		{500B4BA0-0BC0-5F2F-0ADB-D9DED4AAA7BB}.Debug|Any CPU.ActiveCfg = Debug|Any CPU
		{500B4BA0-0BC0-5F2F-0ADB-D9DED4AAA7BB}.Debug|Any CPU.Build.0 = Debug|Any CPU
		{500B4BA0-0BC0-5F2F-0ADB-D9DED4AAA7BB}.Release|Any CPU.ActiveCfg = Release|Any CPU
		{500B4BA0-0BC0-5F2F-0ADB-D9DED4AAA7BB}.Release|Any CPU.Build.0 = Release|Any CPU
	EndGlobalSection
	GlobalSection(SolutionProperties) = preSolution
		HideSolutionNode = FALSE
	EndGlobalSection
	GlobalSection(NestedProjects) = preSolution
		{500B4BA0-0BC0-5F2F-0ADB-D9DED4AAA7BB} = {93E4DB56-4106-47CF-AF9B-A01FEF6929A4}
	EndGlobalSection
	GlobalSection(ExtensibilityGlobals) = postSolution
		SolutionGuid = {AAD067E8-F95C-4E3C-B6F3-624323E491A9}
	EndGlobalSection
EndGlobal
