Microsoft Visual Studio Solution File, Format Version 12.00
# Visual Studio Version 17
VisualStudioVersion = 17.5.2.0
MinimumVisualStudioVersion = 10.0.40219.1
Project("{FAE04EC0-301F-11D3-BF4B-00C04F79EFBC}") = "MVCARC", "MVCARC\MVCARC.csproj", "{C5A400B6-2F1B-9695-78B1-0233324ABC72}"
EndProject
Global
	GlobalSection(SolutionConfigurationPlatforms) = preSolution
		Debug|Any CPU = Debug|Any CPU
		Release|Any CPU = Release|Any CPU
	EndGlobalSection
	GlobalSection(ProjectConfigurationPlatforms) = postSolution
		{C5A400B6-2F1B-9695-78B1-0233324ABC72}.Debug|Any CPU.ActiveCfg = Debug|Any CPU
		{C5A400B6-2F1B-9695-78B1-0233324ABC72}.Debug|Any CPU.Build.0 = Debug|Any CPU
		{C5A400B6-2F1B-9695-78B1-0233324ABC72}.Release|Any CPU.ActiveCfg = Release|Any CPU
		{C5A400B6-2F1B-9695-78B1-0233324ABC72}.Release|Any CPU.Build.0 = Release|Any CPU
	EndGlobalSection
	GlobalSection(SolutionProperties) = preSolution
		HideSolutionNode = FALSE
	EndGlobalSection
	GlobalSection(ExtensibilityGlobals) = postSolution
		SolutionGuid = {31BBF363-EDF1-46BF-8708-D75061E408E7}
	EndGlobalSection
EndGlobal
